
Microsoft Visual Studio Solution File, Format Version 12.00
# Visual Studio Version 16
VisualStudioVersion = 16.0.31624.102
MinimumVisualStudioVersion = 10.0.40219.1
Project("{2150E333-8FDC-42A3-9474-1A3956D46DE8}") = "Services", "Services", "{9EC8D064-4B06-41FF-8667-871F49F41280}"
EndProject
Project("{2150E333-8FDC-42A3-9474-1A3956D46DE8}") = "Catalog", "Catalog", "{D3D2EE37-48FC-4F14-AC87-C00C2E83CEE5}"
EndProject
Project("{9A19103F-16F7-4668-BE54-9A1E7A4F7556}") = "Catalog.API", "src\Services\Catalog\Catalog.API\Catalog.API.csproj", "{94BAF25A-1710-4411-8068-BF34BAC02E40}"
EndProject
Project("{E53339B2-1760-4266-BCC7-CA923CBCF16C}") = "docker-compose", "docker-compose.dcproj", "{A400D914-E2FA-4076-8CFB-12678D9BBDF5}"
EndProject
Global
	GlobalSection(SolutionConfigurationPlatforms) = preSolution
		Debug|Any CPU = Debug|Any CPU
		Release|Any CPU = Release|Any CPU
	EndGlobalSection
	GlobalSection(ProjectConfigurationPlatforms) = postSolution
		{94BAF25A-1710-4411-8068-BF34BAC02E40}.Debug|Any CPU.ActiveCfg = Debug|Any CPU
		{94BAF25A-1710-4411-8068-BF34BAC02E40}.Debug|Any CPU.Build.0 = Debug|Any CPU
		{94BAF25A-1710-4411-8068-BF34BAC02E40}.Release|Any CPU.ActiveCfg = Release|Any CPU
		{94BAF25A-1710-4411-8068-BF34BAC02E40}.Release|Any CPU.Build.0 = Release|Any CPU
		{A400D914-E2FA-4076-8CFB-12678D9BBDF5}.Debug|Any CPU.ActiveCfg = Debug|Any CPU
		{A400D914-E2FA-4076-8CFB-12678D9BBDF5}.Debug|Any CPU.Build.0 = Debug|Any CPU
		{A400D914-E2FA-4076-8CFB-12678D9BBDF5}.Release|Any CPU.ActiveCfg = Release|Any CPU
		{A400D914-E2FA-4076-8CFB-12678D9BBDF5}.Release|Any CPU.Build.0 = Release|Any CPU
	EndGlobalSection
	GlobalSection(SolutionProperties) = preSolution
		HideSolutionNode = FALSE
	EndGlobalSection
	GlobalSection(NestedProjects) = preSolution
		{D3D2EE37-48FC-4F14-AC87-C00C2E83CEE5} = {9EC8D064-4B06-41FF-8667-871F49F41280}
		{94BAF25A-1710-4411-8068-BF34BAC02E40} = {D3D2EE37-48FC-4F14-AC87-C00C2E83CEE5}
	EndGlobalSection
	GlobalSection(ExtensibilityGlobals) = postSolution
		SolutionGuid = {2B00496A-22EB-449D-9232-2CD2E972D41E}
	EndGlobalSection
EndGlobal
